
Microsoft Visual Studio Solution File, Format Version 12.00
# Visual Studio Version 17
VisualStudioVersion = 17.3.32825.248
MinimumVisualStudioVersion = 10.0.40219.1
Project("{FAE04EC0-301F-11D3-BF4B-00C04F79EFBC}") = "CarInfo", "CarInfo.csproj", "{A5980780-0BD2-43BB-BA23-6C223166D5A9}"
EndProject
Project("{FAE04EC0-301F-11D3-BF4B-00C04F79EFBC}") = "Data", "..\Data\Data.csproj", "{85260CF1-3DA1-4548-8E17-A9EA6DA66F24}"
EndProject
Global
	GlobalSection(SolutionConfigurationPlatforms) = preSolution
		Debug|Any CPU = Debug|Any CPU
		Release|Any CPU = Release|Any CPU
	EndGlobalSection
	GlobalSection(ProjectConfigurationPlatforms) = postSolution
		{A5980780-0BD2-43BB-BA23-6C223166D5A9}.Debug|Any CPU.ActiveCfg = Debug|Any CPU
		{A5980780-0BD2-43BB-BA23-6C223166D5A9}.Debug|Any CPU.Build.0 = Debug|Any CPU
		{A5980780-0BD2-43BB-BA23-6C223166D5A9}.Release|Any CPU.ActiveCfg = Release|Any CPU
		{A5980780-0BD2-43BB-BA23-6C223166D5A9}.Release|Any CPU.Build.0 = Release|Any CPU
		{85260CF1-3DA1-4548-8E17-A9EA6DA66F24}.Debug|Any CPU.ActiveCfg = Debug|Any CPU
		{85260CF1-3DA1-4548-8E17-A9EA6DA66F24}.Debug|Any CPU.Build.0 = Debug|Any CPU
		{85260CF1-3DA1-4548-8E17-A9EA6DA66F24}.Release|Any CPU.ActiveCfg = Release|Any CPU
		{85260CF1-3DA1-4548-8E17-A9EA6DA66F24}.Release|Any CPU.Build.0 = Release|Any CPU
	EndGlobalSection
	GlobalSection(SolutionProperties) = preSolution
		HideSolutionNode = FALSE
	EndGlobalSection
	GlobalSection(ExtensibilityGlobals) = postSolution
		SolutionGuid = {2278F691-859B-4FF2-8B0C-FC132A171C7F}
	EndGlobalSection
EndGlobal
